<?xml version="1.0" encoding="utf-8"?>
<Project ToolsVersion="4.0" xmlns="http://schemas.microsoft.com/developer/msbuild/2003">
  <ItemGroup>
    <Filter Include="소스 파일">
      <UniqueIdentifier>{4FC737F1-C7A5-4376-A066-2A32D752A2FF}</UniqueIdentifier>
      <Extensions>cpp;c;cc;cxx;def;odl;idl;hpj;bat;asm;asmx</Extensions>
    </Filter>
    <Filter Include="헤더 파일">
      <UniqueIdentifier>{93995380-89BD-4b04-88EB-625FBE52EBFB}</UniqueIdentifier>
      <Extensions>h;hh;hpp;hxx;hm;inl;inc;ipp;xsd</Extensions>
    </Filter>
    <Filter Include="리소스 파일">
      <UniqueIdentifier>{67DA6AB6-F800-4c08-8B7A-83BB121AAD01}</UniqueIdentifier>
      <Extensions>rc;ico;cur;bmp;dlg;rc2;rct;bin;rgs;gif;jpg;jpeg;jpe;resx;tiff;tif;png;wav;mfcribbon-ms</Extensions>
    </Filter>
    <Filter Include="헤더 파일\BackJoonProblem">
      <UniqueIdentifier>{6ed5d3e5-bb9c-47bf-a070-89178293745a}</UniqueIdentifier>
    </Filter>
    <Filter Include="헤더 파일\Book">
      <UniqueIdentifier>{4af75afb-e7d0-436a-a3f0-71bb7bd246f4}</UniqueIdentifier>
    </Filter>
  </ItemGroup>
  <ItemGroup>
    <None Include="cpp.hint" />
    <None Include="Main.exe" />
    <None Include="vc140.pdb" />
    <None Include="header\BackJoon_Problem\BinarySearch\수 찾기.exe" />
  </ItemGroup>
  <ItemGroup>
    <ClCompile Include="Main.cpp">
      <Filter>소스 파일</Filter>
    </ClCompile>
    <ClCompile Include="Foo.cpp">
      <Filter>소스 파일</Filter>
    </ClCompile>
    <ClCompile Include="소스.cpp">
      <Filter>소스 파일</Filter>
    </ClCompile>
  </ItemGroup>
  <ItemGroup>
    <ClInclude Include="header\BackJoon_Problem\Brutal Force\덩치.h">
      <Filter>헤더 파일</Filter>
    </ClInclude>
    <ClInclude Include="header\BackJoon_Problem\Brutal Force\분해 합.h">
      <Filter>헤더 파일</Filter>
    </ClInclude>
    <ClInclude Include="header\BackJoon_Problem\Brutal Force\블랙잭.h">
      <Filter>헤더 파일</Filter>
    </ClInclude>
    <ClInclude Include="header\BackJoon_Problem\Brutal Force\체스판 다시 칠하기.h">
      <Filter>헤더 파일</Filter>
    </ClInclude>
    <ClInclude Include="header\BackJoon_Problem\Contest\제6회 한양대학교 프로그래밍\과제는 끝나지 않아!.h">
      <Filter>헤더 파일</Filter>
    </ClInclude>
    <ClInclude Include="header\BackJoon_Problem\Contest\제6회 한양대학교 프로그래밍\흩날리는 시험지 속에서 내 평점이 느껴진거야.h">
      <Filter>헤더 파일</Filter>
    </ClInclude>
    <ClInclude Include="header\BackJoon_Problem\DynamicProgramming\동전 1.h">
      <Filter>헤더 파일</Filter>
    </ClInclude>
    <ClInclude Include="header\BackJoon_Problem\DynamicProgramming\피보나치 수2.h">
      <Filter>헤더 파일</Filter>
    </ClInclude>
    <ClInclude Include="header\BackJoon_Problem\DynamicProgramming\피보나치 함수.h">
      <Filter>헤더 파일</Filter>
    </ClInclude>
    <ClInclude Include="header\BackJoon_Problem\DynamicProgramming\피보나치 함수-번외.h">
      <Filter>헤더 파일</Filter>
    </ClInclude>
    <ClInclude Include="header\BackJoon_Problem\Graph\DFS_BFS\DFS와 BFS.h">
      <Filter>헤더 파일</Filter>
    </ClInclude>
    <ClInclude Include="header\BackJoon_Problem\Graph\DFS_BFS\단지번호붙이기.h">
      <Filter>헤더 파일</Filter>
    </ClInclude>
    <ClInclude Include="header\BackJoon_Problem\Graph\DFS_BFS\미로 탐색.h">
      <Filter>헤더 파일</Filter>
    </ClInclude>
    <ClInclude Include="header\BackJoon_Problem\Graph\DFS_BFS\바이러스.h">
      <Filter>헤더 파일</Filter>
    </ClInclude>
    <ClInclude Include="header\BackJoon_Problem\Graph\DFS_BFS\벽 부수고 이동하기.h">
      <Filter>헤더 파일</Filter>
    </ClInclude>
    <ClInclude Include="header\BackJoon_Problem\Graph\DFS_BFS\섬의 개수.h">
      <Filter>헤더 파일</Filter>
    </ClInclude>
    <ClInclude Include="header\BackJoon_Problem\Graph\DFS_BFS\숨바꼭질.h">
      <Filter>헤더 파일</Filter>
    </ClInclude>
    <ClInclude Include="header\BackJoon_Problem\Graph\DFS_BFS\유기농 배추.h">
      <Filter>헤더 파일</Filter>
    </ClInclude>
    <ClInclude Include="header\BackJoon_Problem\Graph\DFS_BFS\토마토1.h">
      <Filter>헤더 파일</Filter>
    </ClInclude>
    <ClInclude Include="header\BackJoon_Problem\Graph\DFS_BFS\토마토2.h">
      <Filter>헤더 파일</Filter>
    </ClInclude>
    <ClInclude Include="header\BackJoon_Problem\Graph\최단경로\KCM Travel.h">
      <Filter>헤더 파일</Filter>
    </ClInclude>
    <ClInclude Include="header\BackJoon_Problem\Graph\최단경로\미확인 도착지.h">
      <Filter>헤더 파일</Filter>
    </ClInclude>
    <ClInclude Include="header\BackJoon_Problem\Graph\최단경로\운동.h">
      <Filter>헤더 파일</Filter>
    </ClInclude>
    <ClInclude Include="header\BackJoon_Problem\Graph\최단경로\최단경로.h">
      <Filter>헤더 파일</Filter>
    </ClInclude>
    <ClInclude Include="header\BackJoon_Problem\Graph\최단경로\최단경로_책코딩.h">
      <Filter>헤더 파일</Filter>
    </ClInclude>
    <ClInclude Include="header\BackJoon_Problem\Graph\최단경로\타임머신.h">
      <Filter>헤더 파일</Filter>
    </ClInclude>
    <ClInclude Include="header\BackJoon_Problem\Graph\최단경로\특정한 최단 경로.h">
      <Filter>헤더 파일</Filter>
    </ClInclude>
    <ClInclude Include="header\BackJoon_Problem\Graph\최단경로\플로이드.h">
      <Filter>헤더 파일</Filter>
    </ClInclude>
    <ClInclude Include="header\BackJoon_Problem\PriorityQueue\가운데를 말해요.h">
      <Filter>헤더 파일</Filter>
    </ClInclude>
    <ClInclude Include="header\BackJoon_Problem\PriorityQueue\절댓값 힙.h">
      <Filter>헤더 파일</Filter>
    </ClInclude>
    <ClInclude Include="header\BackJoon_Problem\PriorityQueue\최대 힙.h">
      <Filter>헤더 파일</Filter>
    </ClInclude>
    <ClInclude Include="header\BackJoon_Problem\PriorityQueue\최소 힙.h">
      <Filter>헤더 파일</Filter>
    </ClInclude>
    <ClInclude Include="header\BackJoon_Problem\Sort\단어정렬.h">
      <Filter>헤더 파일</Filter>
    </ClInclude>
    <ClInclude Include="header\BackJoon_Problem\Sort\보물.h">
      <Filter>헤더 파일</Filter>
    </ClInclude>
    <ClInclude Include="header\BackJoon_Problem\Sort\소트인사이드.h">
      <Filter>헤더 파일</Filter>
    </ClInclude>
    <ClInclude Include="header\BackJoon_Problem\Sort\수 정렬하기3.h">
      <Filter>헤더 파일</Filter>
    </ClInclude>
    <ClInclude Include="header\BackJoon_Problem\Stack\괄호.h">
      <Filter>헤더 파일</Filter>
    </ClInclude>
    <ClInclude Include="header\BackJoon_Problem\Stack\균형잡힌 세상.h">
      <Filter>헤더 파일</Filter>
    </ClInclude>
    <ClInclude Include="header\BackJoon_Problem\Stack\스택.h">
      <Filter>헤더 파일</Filter>
    </ClInclude>
    <ClInclude Include="header\BackJoon_Problem\Stack\제로.h">
      <Filter>헤더 파일</Filter>
    </ClInclude>
    <ClInclude Include="header\Book\Chap02-Programming\BackTracking\4QueensProblem.h">
      <Filter>헤더 파일</Filter>
    </ClInclude>
    <ClInclude Include="header\Book\Chap02-Programming\Bitmask.h">
      <Filter>헤더 파일</Filter>
    </ClInclude>
    <ClInclude Include="header\Book\Chap02-Programming\Permutation.h">
      <Filter>헤더 파일</Filter>
    </ClInclude>
    <ClInclude Include="header\Book\Chap02-Programming\Setoperation.h">
      <Filter>헤더 파일</Filter>
    </ClInclude>
    <ClInclude Include="header\Book\Chap02-Programming\SetRepresentation.h">
      <Filter>헤더 파일</Filter>
    </ClInclude>
    <ClInclude Include="header\Book\Chap03-Efficiency\MaximumSubarraySum.h">
      <Filter>헤더 파일</Filter>
    </ClInclude>
    <ClInclude Include="header\Book\Chap07-Graph\그래프의 표현.h">
      <Filter>헤더 파일</Filter>
    </ClInclude>
    <ClInclude Include="header\BackJoon_Problem\BinarySearch\수 찾기.h">
      <Filter>헤더 파일</Filter>
    </ClInclude>
    <ClInclude Include="header\Book\Chap06-Dynamic Programming\동전세기-반복문.h">
      <Filter>헤더 파일</Filter>
    </ClInclude>
    <ClInclude Include="header\Book\Chap06-Dynamic Programming\동전세기-재귀.h">
      <Filter>헤더 파일</Filter>
    </ClInclude>
    <ClInclude Include="header\Book\Chap06-Dynamic Programming\최장 증가 부분 수열.h">
      <Filter>헤더 파일</Filter>
    </ClInclude>
    <ClInclude Include="header\Book\Chap04-Sorting And Searching\BinarySearch.h">
      <Filter>헤더 파일</Filter>
    </ClInclude>
    <ClInclude Include="header\Book\Chap04-Sorting And Searching\EventScheduling.h">
      <Filter>헤더 파일</Filter>
    </ClInclude>
    <ClInclude Include="header\Book\Chap04-Sorting And Searching\SweepLineAlgorithmCustomer.h">
      <Filter>헤더 파일</Filter>
    </ClInclude>
    <ClInclude Include="header\Book\Chap04-Sorting And Searching\WorkAndDeadLine.h">
      <Filter>헤더 파일</Filter>
    </ClInclude>
    <ClInclude Include="header\Book\Chap04-Sorting And Searching\기계를이용해서작업처리.h">
      <Filter>헤더 파일</Filter>
    </ClInclude>
    <ClInclude Include="header\Book\Chap08-Algorithm design\Bit-parallel algorithm.h">
      <Filter>헤더 파일</Filter>
    </ClInclude>
    <ClInclude Include="header\BackJoon_Problem\Bit Operation\데스스타.h">
      <Filter>헤더 파일</Filter>
    </ClInclude>
    <ClInclude Include="header\BackJoon_Problem\입출력과 사칙연산\고양이.h">
      <Filter>헤더 파일</Filter>
    </ClInclude>
    <ClInclude Include="header\BackJoon_Problem\입출력과 사칙연산\개.h">
      <Filter>헤더 파일</Filter>
    </ClInclude>
    <ClInclude Include="header\BackJoon_Problem\입출력과 사칙연산\A+B.h">
      <Filter>헤더 파일</Filter>
    </ClInclude>
    <ClInclude Include="header\BackJoon_Problem\입출력과 사칙연산\사칙연산.h">
      <Filter>헤더 파일</Filter>
    </ClInclude>
    <ClInclude Include="header\BackJoon_Problem\입출력과 사칙연산\곱셈.h">
      <Filter>헤더 파일</Filter>
    </ClInclude>
    <ClInclude Include="header\BackJoon_Problem\if문\알람 시계.h">
      <Filter>헤더 파일</Filter>
    </ClInclude>
    <ClInclude Include="header\BackJoon_Problem\문자열\크로아티아 알파벳.h">
      <Filter>헤더 파일</Filter>
    </ClInclude>
    <ClInclude Include="header\BackJoon_Problem\수학1\Fly me to the Alpha Centauri.h">
      <Filter>헤더 파일</Filter>
    </ClInclude>
    <ClInclude Include="header\BackJoon_Problem\수학1\부녀회장이 될거야.h">
      <Filter>헤더 파일</Filter>
    </ClInclude>
    <ClInclude Include="header\BackJoon_Problem\수학2\소수 찾기.h">
      <Filter>헤더 파일</Filter>
    </ClInclude>
    <ClInclude Include="header\BackJoon_Problem\수학2\소수.h">
      <Filter>헤더 파일</Filter>
    </ClInclude>
    <ClInclude Include="header\BackJoon_Problem\수학2\소수 구하기.h">
      <Filter>헤더 파일</Filter>
    </ClInclude>
    <ClInclude Include="header\BackJoon_Problem\수학2\베르트랑 공준.h">
      <Filter>헤더 파일</Filter>
    </ClInclude>
    <ClInclude Include="header\BackJoon_Problem\수학2\골드바흐의 추측.h">
      <Filter>헤더 파일</Filter>
    </ClInclude>
    <ClInclude Include="header\BackJoon_Problem\수학2\직사각형에서 탈출.h">
      <Filter>헤더 파일</Filter>
    </ClInclude>
    <ClInclude Include="header\BackJoon_Problem\수학2\네 번째 점.h">
      <Filter>헤더 파일</Filter>
    </ClInclude>
    <ClInclude Include="header\BackJoon_Problem\수학2\직각삼각형.h">
      <Filter>헤더 파일</Filter>
    </ClInclude>
    <ClInclude Include="header\BackJoon_Problem\수학2\택시 기하학.h">
      <Filter>헤더 파일</Filter>
    </ClInclude>
    <ClInclude Include="header\BackJoon_Problem\수학2\터렛.h">
      <Filter>헤더 파일</Filter>
    </ClInclude>
    <ClInclude Include="header\BackJoon_Problem\재귀함수\팩토리얼.h">
      <Filter>헤더 파일</Filter>
    </ClInclude>
    <ClInclude Include="header\BackJoon_Problem\재귀함수\피보나치 수.h">
      <Filter>헤더 파일</Filter>
    </ClInclude>
    <ClInclude Include="header\BackJoon_Problem\재귀함수\별 찍기 -10.h">
      <Filter>헤더 파일</Filter>
    </ClInclude>
    <ClInclude Include="header\BackJoon_Problem\재귀함수\하노이 탑 이동 순서.h">
      <Filter>헤더 파일</Filter>
    </ClInclude>
    <ClInclude Include="header\BackJoon_Problem\Brutal Force\영화감독 숌.h">
      <Filter>헤더 파일</Filter>
    </ClInclude>
    <ClInclude Include="header\BackJoon_Problem\Sort\수 정렬하기.h">
      <Filter>헤더 파일</Filter>
    </ClInclude>
    <ClInclude Include="header\BackJoon_Problem\Sort\수 정렬하기2.h">
      <Filter>헤더 파일</Filter>
    </ClInclude>
    <ClInclude Include="header\BackJoon_Problem\Sort\통계학.h">
      <Filter>헤더 파일</Filter>
    </ClInclude>
    <ClInclude Include="header\BackJoon_Problem\Sort\나이순 정렬.h">
      <Filter>헤더 파일</Filter>
    </ClInclude>
    <ClInclude Include="header\BackJoon_Problem\Sort\좌표 정렬하기.h">
      <Filter>헤더 파일</Filter>
    </ClInclude>
    <ClInclude Include="header\BackJoon_Problem\Sort\단어 정렬.h">
      <Filter>헤더 파일</Filter>
    </ClInclude>
    <ClInclude Include="header\BackJoon_Problem\수학3\배수와 약수.h">
      <Filter>헤더 파일</Filter>
    </ClInclude>
    <ClInclude Include="header\BackJoon_Problem\수학3\약수.h">
      <Filter>헤더 파일</Filter>
    </ClInclude>
    <ClInclude Include="header\BackJoon_Problem\수학3\소인수분해.h">
      <Filter>헤더 파일</Filter>
    </ClInclude>
    <ClInclude Include="header\BackJoon_Problem\수학3\최대공약수와 최소공배수.h">
      <Filter>헤더 파일</Filter>
    </ClInclude>
    <ClInclude Include="header\BackJoon_Problem\수학3\검문.h">
      <Filter>헤더 파일</Filter>
    </ClInclude>
    <ClInclude Include="header\BackJoon_Problem\수학3\링.h">
      <Filter>헤더 파일</Filter>
    </ClInclude>
    <ClInclude Include="header\BackJoon_Problem\수학3\이항 계수1.h">
      <Filter>헤더 파일</Filter>
    </ClInclude>
    <ClInclude Include="header\BackJoon_Problem\수학3\이항 계수2.h">
      <Filter>헤더 파일</Filter>
    </ClInclude>
    <ClInclude Include="header\BackJoon_Problem\수학3\패션왕 신해빈.h">
      <Filter>헤더 파일</Filter>
    </ClInclude>
    <ClInclude Include="header\BackJoon_Problem\수학3\팩토리얼 0의 개수.h">
      <Filter>헤더 파일</Filter>
    </ClInclude>
    <ClInclude Include="header\BackJoon_Problem\수학3\조합 0의 개수.h">
      <Filter>헤더 파일</Filter>
    </ClInclude>
    <ClInclude Include="header\BackJoon_Problem\Stack\스택 수열.h">
      <Filter>헤더 파일</Filter>
    </ClInclude>
    <ClInclude Include="header\BackJoon_Problem\큐, 덱\큐 2.h">
      <Filter>헤더 파일</Filter>
    </ClInclude>
    <ClInclude Include="header\BackJoon_Problem\큐, 덱\덱.h">
      <Filter>헤더 파일</Filter>
    </ClInclude>
    <ClInclude Include="header\BackJoon_Problem\큐, 덱\카드2.h">
      <Filter>헤더 파일</Filter>
    </ClInclude>
    <ClInclude Include="header\BackJoon_Problem\큐, 덱\요세푸스 문제.h">
      <Filter>헤더 파일</Filter>
    </ClInclude>
    <ClInclude Include="header\BackJoon_Problem\큐, 덱\회전하는 큐.h">
      <Filter>헤더 파일</Filter>
    </ClInclude>
    <ClInclude Include="header\BackJoon_Problem\큐, 덱\프린터 큐.h">
      <Filter>헤더 파일</Filter>
    </ClInclude>
    <ClInclude Include="header\BackJoon_Problem\큐, 덱\AC.h">
      <Filter>헤더 파일</Filter>
    </ClInclude>
    <ClInclude Include="header\BackJoon_Problem\Greedy\ATM.h">
      <Filter>헤더 파일</Filter>
    </ClInclude>
    <ClInclude Include="header\BackJoon_Problem\Greedy\잃어버린 괄호.h">
      <Filter>헤더 파일</Filter>
    </ClInclude>
    <ClInclude Include="header\BackJoon_Problem\Greedy\회의실배정.h">
      <Filter>헤더 파일</Filter>
    </ClInclude>
    <ClInclude Include="header\BackJoon_Problem\Greedy\동전 0.h">
      <Filter>헤더 파일</Filter>
    </ClInclude>
    <ClInclude Include="header\BackJoon_Problem\BackTracking\N과 M(1).h">
      <Filter>헤더 파일</Filter>
    </ClInclude>
    <ClInclude Include="header\BackJoon_Problem\BackTracking\N과 M(2).h">
      <Filter>헤더 파일</Filter>
    </ClInclude>
    <ClInclude Include="header\BackJoon_Problem\BackTracking\N과 M(3).h">
      <Filter>헤더 파일</Filter>
    </ClInclude>
    <ClInclude Include="header\BackJoon_Problem\BackTracking\N과 M(4).h">
      <Filter>헤더 파일</Filter>
    </ClInclude>
    <ClInclude Include="header\BackJoon_Problem\BackTracking\스타트와  링크.h">
      <Filter>헤더 파일</Filter>
    </ClInclude>
  </ItemGroup>
</Project>