<?xml version="1.0" encoding="utf-8"?>
<Project ToolsVersion="4.0" xmlns="http://schemas.microsoft.com/developer/msbuild/2003">
  <ItemGroup>
    <Filter Include="소스 파일">
      <UniqueIdentifier>{4FC737F1-C7A5-4376-A066-2A32D752A2FF}</UniqueIdentifier>
      <Extensions>cpp;c;cc;cxx;def;odl;idl;hpj;bat;asm;asmx</Extensions>
    </Filter>
    <Filter Include="헤더 파일">
      <UniqueIdentifier>{93995380-89BD-4b04-88EB-625FBE52EBFB}</UniqueIdentifier>
      <Extensions>h;hh;hpp;hxx;hm;inl;inc;ipp;xsd</Extensions>
    </Filter>
    <Filter Include="리소스 파일">
      <UniqueIdentifier>{67DA6AB6-F800-4c08-8B7A-83BB121AAD01}</UniqueIdentifier>
      <Extensions>rc;ico;cur;bmp;dlg;rc2;rct;bin;rgs;gif;jpg;jpeg;jpe;resx;tiff;tif;png;wav;mfcribbon-ms</Extensions>
    </Filter>
    <Filter Include="소스 파일\Book">
      <UniqueIdentifier>{922fc1c5-61e8-4157-964d-42dcf1b6a32d}</UniqueIdentifier>
    </Filter>
    <Filter Include="소스 파일\Book\Chap02_Programming_Techniques">
      <UniqueIdentifier>{38f8d263-db3d-4c7b-add6-9ebb830f3dc9}</UniqueIdentifier>
    </Filter>
    <Filter Include="소스 파일\Book\Chap02_Programming_Techniques\BackTracking">
      <UniqueIdentifier>{381a8c4f-e942-4b5c-8873-32849b8d07c3}</UniqueIdentifier>
    </Filter>
    <Filter Include="소스 파일\BackJoon Problem">
      <UniqueIdentifier>{e6adceb1-e292-4786-acf3-851a8210393b}</UniqueIdentifier>
    </Filter>
  </ItemGroup>
  <ItemGroup>
    <None Include="cpp.hint" />
  </ItemGroup>
  <ItemGroup>
    <ClCompile Include="Subset.cpp">
      <Filter>소스 파일\Book\Chap02_Programming_Techniques</Filter>
    </ClCompile>
    <ClCompile Include="Permuation.cpp">
      <Filter>소스 파일\Book\Chap02_Programming_Techniques</Filter>
    </ClCompile>
    <ClCompile Include="4QueensProblem.cpp">
      <Filter>소스 파일\Book\Chap02_Programming_Techniques\BackTracking</Filter>
    </ClCompile>
    <ClCompile Include="Bitmask.cpp">
      <Filter>소스 파일\Book\Chap02_Programming_Techniques</Filter>
    </ClCompile>
    <ClCompile Include="Set Representation.cpp">
      <Filter>소스 파일\Book\Chap02_Programming_Techniques</Filter>
    </ClCompile>
    <ClCompile Include="소스.cpp">
      <Filter>소스 파일</Filter>
    </ClCompile>
    <ClCompile Include="Set Operation.cpp">
      <Filter>소스 파일</Filter>
    </ClCompile>
  </ItemGroup>
</Project>